
Microsoft Visual Studio Solution File, Format Version 12.00
# Visual Studio Version 17
VisualStudioVersion = 17.9.34714.143
MinimumVisualStudioVersion = 10.0.40219.1
Project("{FAE04EC0-301F-11D3-BF4B-00C04F79EFBC}") = "App", "App\App.csproj", "{FED67CC3-5428-46BA-A879-6F8BC93C9A98}"
EndProject
Global
	GlobalSection(SolutionConfigurationPlatforms) = preSolution
		Debug|Any CPU = Debug|Any CPU
		Release|Any CPU = Release|Any CPU
	EndGlobalSection
	GlobalSection(ProjectConfigurationPlatforms) = postSolution
		{FED67CC3-5428-46BA-A879-6F8BC93C9A98}.Debug|Any CPU.ActiveCfg = Debug|Any CPU
		{FED67CC3-5428-46BA-A879-6F8BC93C9A98}.Debug|Any CPU.Build.0 = Debug|Any CPU
		{FED67CC3-5428-46BA-A879-6F8BC93C9A98}.Release|Any CPU.ActiveCfg = Release|Any CPU
		{FED67CC3-5428-46BA-A879-6F8BC93C9A98}.Release|Any CPU.Build.0 = Release|Any CPU
	EndGlobalSection
	GlobalSection(SolutionProperties) = preSolution
		HideSolutionNode = FALSE
	EndGlobalSection
	GlobalSection(ExtensibilityGlobals) = postSolution
		SolutionGuid = {B87D2F33-5DD0-4DD9-A5AB-3BD0A8413F08}
	EndGlobalSection
EndGlobal
